
Microsoft Visual Studio Solution File, Format Version 12.00
# Visual Studio Version 16
VisualStudioVersion = 16.0.34601.136
MinimumVisualStudioVersion = 10.0.40219.1
Project("{FAE04EC0-301F-11D3-BF4B-00C04F79EFBC}") = "PtthLesson07", "PtthLesson07\PtthLesson07.csproj", "{022EA750-7973-4AFA-898A-929073B82E8F}"
EndProject
Global
	GlobalSection(SolutionConfigurationPlatforms) = preSolution
		Debug|Any CPU = Debug|Any CPU
		Release|Any CPU = Release|Any CPU
	EndGlobalSection
	GlobalSection(ProjectConfigurationPlatforms) = postSolution
		{022EA750-7973-4AFA-898A-929073B82E8F}.Debug|Any CPU.ActiveCfg = Debug|Any CPU
		{022EA750-7973-4AFA-898A-929073B82E8F}.Debug|Any CPU.Build.0 = Debug|Any CPU
		{022EA750-7973-4AFA-898A-929073B82E8F}.Release|Any CPU.ActiveCfg = Release|Any CPU
		{022EA750-7973-4AFA-898A-929073B82E8F}.Release|Any CPU.Build.0 = Release|Any CPU
	EndGlobalSection
	GlobalSection(SolutionProperties) = preSolution
		HideSolutionNode = FALSE
	EndGlobalSection
	GlobalSection(ExtensibilityGlobals) = postSolution
		SolutionGuid = {558D085E-DEB5-4AC7-AB73-9C92EAE2C422}
	EndGlobalSection
EndGlobal
