
Microsoft Visual Studio Solution File, Format Version 12.00
# Visual Studio Version 16
VisualStudioVersion = 16.0.34601.136
MinimumVisualStudioVersion = 10.0.40219.1
Project("{FAE04EC0-301F-11D3-BF4B-00C04F79EFBC}") = "PtthK22CNT4Lesson10", "PtthK22CNT4Lesson10\PtthK22CNT4Lesson10.csproj", "{4EB1834A-34CB-4660-A3ED-4B23E57B0D38}"
EndProject
Global
	GlobalSection(SolutionConfigurationPlatforms) = preSolution
		Debug|Any CPU = Debug|Any CPU
		Release|Any CPU = Release|Any CPU
	EndGlobalSection
	GlobalSection(ProjectConfigurationPlatforms) = postSolution
		{4EB1834A-34CB-4660-A3ED-4B23E57B0D38}.Debug|Any CPU.ActiveCfg = Debug|Any CPU
		{4EB1834A-34CB-4660-A3ED-4B23E57B0D38}.Debug|Any CPU.Build.0 = Debug|Any CPU
		{4EB1834A-34CB-4660-A3ED-4B23E57B0D38}.Release|Any CPU.ActiveCfg = Release|Any CPU
		{4EB1834A-34CB-4660-A3ED-4B23E57B0D38}.Release|Any CPU.Build.0 = Release|Any CPU
	EndGlobalSection
	GlobalSection(SolutionProperties) = preSolution
		HideSolutionNode = FALSE
	EndGlobalSection
	GlobalSection(ExtensibilityGlobals) = postSolution
		SolutionGuid = {6D2294B4-9180-4946-8A4B-00E66CCDD82A}
	EndGlobalSection
EndGlobal
