
Microsoft Visual Studio Solution File, Format Version 12.00
# Visual Studio Version 16
VisualStudioVersion = 16.0.34601.136
MinimumVisualStudioVersion = 10.0.40219.1
Project("{FAE04EC0-301F-11D3-BF4B-00C04F79EFBC}") = "Ptth_BaiThiGiuaKy", "Ptth_BaiThiGiuaKy\Ptth_BaiThiGiuaKy.csproj", "{2E5A74FF-6DC4-41C0-8BC6-990D4C2470C0}"
EndProject
Global
	GlobalSection(SolutionConfigurationPlatforms) = preSolution
		Debug|Any CPU = Debug|Any CPU
		Release|Any CPU = Release|Any CPU
	EndGlobalSection
	GlobalSection(ProjectConfigurationPlatforms) = postSolution
		{2E5A74FF-6DC4-41C0-8BC6-990D4C2470C0}.Debug|Any CPU.ActiveCfg = Debug|Any CPU
		{2E5A74FF-6DC4-41C0-8BC6-990D4C2470C0}.Debug|Any CPU.Build.0 = Debug|Any CPU
		{2E5A74FF-6DC4-41C0-8BC6-990D4C2470C0}.Release|Any CPU.ActiveCfg = Release|Any CPU
		{2E5A74FF-6DC4-41C0-8BC6-990D4C2470C0}.Release|Any CPU.Build.0 = Release|Any CPU
	EndGlobalSection
	GlobalSection(SolutionProperties) = preSolution
		HideSolutionNode = FALSE
	EndGlobalSection
	GlobalSection(ExtensibilityGlobals) = postSolution
		SolutionGuid = {282EBD3D-C08B-46F2-9BF3-4EDF1D29635C}
	EndGlobalSection
EndGlobal
